
Microsoft Visual Studio Solution File, Format Version 12.00
# Visual Studio Version 17
VisualStudioVersion = 17.0.31903.59
MinimumVisualStudioVersion = 10.0.40219.1
Project("{FAE04EC0-301F-11D3-BF4B-00C04F79EFBC}") = "ExaminationSystem.API", "ExaminationSystem.API\ExaminationSystem.API.csproj", "{A75DF044-520A-493F-88C4-721569D10F67}"
EndProject
Project("{FAE04EC0-301F-11D3-BF4B-00C04F79EFBC}") = "ExaminationSystem.Core", "ExaminationSystem.Core\ExaminationSystem.Core.csproj", "{9640A374-BD57-4BD6-A5D5-67FD0E4A391D}"
EndProject
Project("{FAE04EC0-301F-11D3-BF4B-00C04F79EFBC}") = "ExaminationSystem.Data", "ExaminationSystem.Data\ExaminationSystem.Data.csproj", "{C1E4A99D-6DD1-48C4-949C-40783D4924B9}"
EndProject
Project("{FAE04EC0-301F-11D3-BF4B-00C04F79EFBC}") = "ExaminationSystem.Service", "ExaminationSystem.Service\ExaminationSystem.Service.csproj", "{D3745665-9808-4607-B4C2-E5050FB0AFB3}"
EndProject
Global
	GlobalSection(SolutionConfigurationPlatforms) = preSolution
		Debug|Any CPU = Debug|Any CPU
		Debug|x64 = Debug|x64
		Debug|x86 = Debug|x86
		Release|Any CPU = Release|Any CPU
		Release|x64 = Release|x64
		Release|x86 = Release|x86
	EndGlobalSection
	GlobalSection(ProjectConfigurationPlatforms) = postSolution
		{A75DF044-520A-493F-88C4-721569D10F67}.Debug|Any CPU.ActiveCfg = Debug|Any CPU
		{A75DF044-520A-493F-88C4-721569D10F67}.Debug|Any CPU.Build.0 = Debug|Any CPU
		{A75DF044-520A-493F-88C4-721569D10F67}.Debug|x64.ActiveCfg = Debug|Any CPU
		{A75DF044-520A-493F-88C4-721569D10F67}.Debug|x64.Build.0 = Debug|Any CPU
		{A75DF044-520A-493F-88C4-721569D10F67}.Debug|x86.ActiveCfg = Debug|Any CPU
		{A75DF044-520A-493F-88C4-721569D10F67}.Debug|x86.Build.0 = Debug|Any CPU
		{A75DF044-520A-493F-88C4-721569D10F67}.Release|Any CPU.ActiveCfg = Release|Any CPU
		{A75DF044-520A-493F-88C4-721569D10F67}.Release|Any CPU.Build.0 = Release|Any CPU
		{A75DF044-520A-493F-88C4-721569D10F67}.Release|x64.ActiveCfg = Release|Any CPU
		{A75DF044-520A-493F-88C4-721569D10F67}.Release|x64.Build.0 = Release|Any CPU
		{A75DF044-520A-493F-88C4-721569D10F67}.Release|x86.ActiveCfg = Release|Any CPU
		{A75DF044-520A-493F-88C4-721569D10F67}.Release|x86.Build.0 = Release|Any CPU
		{9640A374-BD57-4BD6-A5D5-67FD0E4A391D}.Debug|Any CPU.ActiveCfg = Debug|Any CPU
		{9640A374-BD57-4BD6-A5D5-67FD0E4A391D}.Debug|Any CPU.Build.0 = Debug|Any CPU
		{9640A374-BD57-4BD6-A5D5-67FD0E4A391D}.Debug|x64.ActiveCfg = Debug|Any CPU
		{9640A374-BD57-4BD6-A5D5-67FD0E4A391D}.Debug|x64.Build.0 = Debug|Any CPU
		{9640A374-BD57-4BD6-A5D5-67FD0E4A391D}.Debug|x86.ActiveCfg = Debug|Any CPU
		{9640A374-BD57-4BD6-A5D5-67FD0E4A391D}.Debug|x86.Build.0 = Debug|Any CPU
		{9640A374-BD57-4BD6-A5D5-67FD0E4A391D}.Release|Any CPU.ActiveCfg = Release|Any CPU
		{9640A374-BD57-4BD6-A5D5-67FD0E4A391D}.Release|Any CPU.Build.0 = Release|Any CPU
		{9640A374-BD57-4BD6-A5D5-67FD0E4A391D}.Release|x64.ActiveCfg = Release|Any CPU
		{9640A374-BD57-4BD6-A5D5-67FD0E4A391D}.Release|x64.Build.0 = Release|Any CPU
		{9640A374-BD57-4BD6-A5D5-67FD0E4A391D}.Release|x86.ActiveCfg = Release|Any CPU
		{9640A374-BD57-4BD6-A5D5-67FD0E4A391D}.Release|x86.Build.0 = Release|Any CPU
		{C1E4A99D-6DD1-48C4-949C-40783D4924B9}.Debug|Any CPU.ActiveCfg = Debug|Any CPU
		{C1E4A99D-6DD1-48C4-949C-40783D4924B9}.Debug|Any CPU.Build.0 = Debug|Any CPU
		{C1E4A99D-6DD1-48C4-949C-40783D4924B9}.Debug|x64.ActiveCfg = Debug|Any CPU
		{C1E4A99D-6DD1-48C4-949C-40783D4924B9}.Debug|x64.Build.0 = Debug|Any CPU
		{C1E4A99D-6DD1-48C4-949C-40783D4924B9}.Debug|x86.ActiveCfg = Debug|Any CPU
		{C1E4A99D-6DD1-48C4-949C-40783D4924B9}.Debug|x86.Build.0 = Debug|Any CPU
		{C1E4A99D-6DD1-48C4-949C-40783D4924B9}.Release|Any CPU.ActiveCfg = Release|Any CPU
		{C1E4A99D-6DD1-48C4-949C-40783D4924B9}.Release|Any CPU.Build.0 = Release|Any CPU
		{C1E4A99D-6DD1-48C4-949C-40783D4924B9}.Release|x64.ActiveCfg = Release|Any CPU
		{C1E4A99D-6DD1-48C4-949C-40783D4924B9}.Release|x64.Build.0 = Release|Any CPU
		{C1E4A99D-6DD1-48C4-949C-40783D4924B9}.Release|x86.ActiveCfg = Release|Any CPU
		{C1E4A99D-6DD1-48C4-949C-40783D4924B9}.Release|x86.Build.0 = Release|Any CPU
		{D3745665-9808-4607-B4C2-E5050FB0AFB3}.Debug|Any CPU.ActiveCfg = Debug|Any CPU
		{D3745665-9808-4607-B4C2-E5050FB0AFB3}.Debug|Any CPU.Build.0 = Debug|Any CPU
		{D3745665-9808-4607-B4C2-E5050FB0AFB3}.Debug|x64.ActiveCfg = Debug|Any CPU
		{D3745665-9808-4607-B4C2-E5050FB0AFB3}.Debug|x64.Build.0 = Debug|Any CPU
		{D3745665-9808-4607-B4C2-E5050FB0AFB3}.Debug|x86.ActiveCfg = Debug|Any CPU
		{D3745665-9808-4607-B4C2-E5050FB0AFB3}.Debug|x86.Build.0 = Debug|Any CPU
		{D3745665-9808-4607-B4C2-E5050FB0AFB3}.Release|Any CPU.ActiveCfg = Release|Any CPU
		{D3745665-9808-4607-B4C2-E5050FB0AFB3}.Release|Any CPU.Build.0 = Release|Any CPU
		{D3745665-9808-4607-B4C2-E5050FB0AFB3}.Release|x64.ActiveCfg = Release|Any CPU
		{D3745665-9808-4607-B4C2-E5050FB0AFB3}.Release|x64.Build.0 = Release|Any CPU
		{D3745665-9808-4607-B4C2-E5050FB0AFB3}.Release|x86.ActiveCfg = Release|Any CPU
		{D3745665-9808-4607-B4C2-E5050FB0AFB3}.Release|x86.Build.0 = Release|Any CPU
	EndGlobalSection
	GlobalSection(SolutionProperties) = preSolution
		HideSolutionNode = FALSE
	EndGlobalSection
EndGlobal
